// !$*UTF8*$!
{
	archiveVersion = 1;
	classes = {
	};
	objectVersion = 50;
	objects = {

/* Begin PBXBuildFile section */
		54C4259226C97FE400188DCE /* AppDelegate.swift in Sources */ = {isa = PBXBuildFile; fileRef = 54C4259126C97FE400188DCE /* AppDelegate.swift */; };
		54C4259426C97FE400188DCE /* SceneDelegate.swift in Sources */ = {isa = PBXBuildFile; fileRef = 54C4259326C97FE400188DCE /* SceneDelegate.swift */; };
		54C4259626C97FE400188DCE /* ContentView.swift in Sources */ = {isa = PBXBuildFile; fileRef = 54C4259526C97FE400188DCE /* ContentView.swift */; };
		54C4259826C97FE600188DCE /* Assets.xcassets in Resources */ = {isa = PBXBuildFile; fileRef = 54C4259726C97FE600188DCE /* Assets.xcassets */; };
		54C4259B26C97FE600188DCE /* Preview Assets.xcassets in Resources */ = {isa = PBXBuildFile; fileRef = 54C4259A26C97FE600188DCE /* Preview Assets.xcassets */; };
		54C4259E26C97FE600188DCE /* LaunchScreen.storyboard in Resources */ = {isa = PBXBuildFile; fileRef = 54C4259C26C97FE600188DCE /* LaunchScreen.storyboard */; };
		54C425A926C97FE600188DCE /* SwiftUI_Webview_tutorialTests.swift in Sources */ = {isa = PBXBuildFile; fileRef = 54C425A826C97FE600188DCE /* SwiftUI_Webview_tutorialTests.swift */; };
		54C425B426C97FE600188DCE /* SwiftUI_Webview_tutorialUITests.swift in Sources */ = {isa = PBXBuildFile; fileRef = 54C425B326C97FE600188DCE /* SwiftUI_Webview_tutorialUITests.swift */; };
		54C425C226C9802C00188DCE /* MyWebview.swift in Sources */ = {isa = PBXBuildFile; fileRef = 54C425C126C9802C00188DCE /* MyWebview.swift */; };
/* End PBXBuildFile section */

/* Begin PBXContainerItemProxy section */
		54C425A526C97FE600188DCE /* PBXContainerItemProxy */ = {
			isa = PBXContainerItemProxy;
			containerPortal = 54C4258626C97FE400188DCE /* Project object */;
			proxyType = 1;
			remoteGlobalIDString = 54C4258D26C97FE400188DCE;
			remoteInfo = SwiftUI_Webview_tutorial;
		};
		54C425B026C97FE600188DCE /* PBXContainerItemProxy */ = {
			isa = PBXContainerItemProxy;
			containerPortal = 54C4258626C97FE400188DCE /* Project object */;
			proxyType = 1;
			remoteGlobalIDString = 54C4258D26C97FE400188DCE;
			remoteInfo = SwiftUI_Webview_tutorial;
		};
/* End PBXContainerItemProxy section */

/* Begin PBXFileReference section */
		54C4258E26C97FE400188DCE /* SwiftUI_Webview_tutorial.app */ = {isa = PBXFileReference; explicitFileType = wrapper.application; includeInIndex = 0; path = SwiftUI_Webview_tutorial.app; sourceTree = BUILT_PRODUCTS_DIR; };
		54C4259126C97FE400188DCE /* AppDelegate.swift */ = {isa = PBXFileReference; lastKnownFileType = sourcecode.swift; path = AppDelegate.swift; sourceTree = "<group>"; };
		54C4259326C97FE400188DCE /* SceneDelegate.swift */ = {isa = PBXFileReference; lastKnownFileType = sourcecode.swift; path = SceneDelegate.swift; sourceTree = "<group>"; };
		54C4259526C97FE400188DCE /* ContentView.swift */ = {isa = PBXFileReference; lastKnownFileType = sourcecode.swift; path = ContentView.swift; sourceTree = "<group>"; };
		54C4259726C97FE600188DCE /* Assets.xcassets */ = {isa = PBXFileReference; lastKnownFileType = folder.assetcatalog; path = Assets.xcassets; sourceTree = "<group>"; };
		54C4259A26C97FE600188DCE /* Preview Assets.xcassets */ = {isa = PBXFileReference; lastKnownFileType = folder.assetcatalog; path = "Preview Assets.xcassets"; sourceTree = "<group>"; };
		54C4259D26C97FE600188DCE /* Base */ = {isa = PBXFileReference; lastKnownFileType = file.storyboard; name = Base; path = Base.lproj/LaunchScreen.storyboard; sourceTree = "<group>"; };
		54C4259F26C97FE600188DCE /* Info.plist */ = {isa = PBXFileReference; lastKnownFileType = text.plist.xml; path = Info.plist; sourceTree = "<group>"; };
		54C425A426C97FE600188DCE /* SwiftUI_Webview_tutorialTests.xctest */ = {isa = PBXFileReference; explicitFileType = wrapper.cfbundle; includeInIndex = 0; path = SwiftUI_Webview_tutorialTests.xctest; sourceTree = BUILT_PRODUCTS_DIR; };
		54C425A826C97FE600188DCE /* SwiftUI_Webview_tutorialTests.swift */ = {isa = PBXFileReference; lastKnownFileType = sourcecode.swift; path = SwiftUI_Webview_tutorialTests.swift; sourceTree = "<group>"; };
		54C425AA26C97FE600188DCE /* Info.plist */ = {isa = PBXFileReference; lastKnownFileType = text.plist.xml; path = Info.plist; sourceTree = "<group>"; };
		54C425AF26C97FE600188DCE /* SwiftUI_Webview_tutorialUITests.xctest */ = {isa = PBXFileReference; explicitFileType = wrapper.cfbundle; includeInIndex = 0; path = SwiftUI_Webview_tutorialUITests.xctest; sourceTree = BUILT_PRODUCTS_DIR; };
		54C425B326C97FE600188DCE /* SwiftUI_Webview_tutorialUITests.swift */ = {isa = PBXFileReference; lastKnownFileType = sourcecode.swift; path = SwiftUI_Webview_tutorialUITests.swift; sourceTree = "<group>"; };
		54C425B526C97FE600188DCE /* Info.plist */ = {isa = PBXFileReference; lastKnownFileType = text.plist.xml; path = Info.plist; sourceTree = "<group>"; };
		54C425C126C9802C00188DCE /* MyWebview.swift */ = {isa = PBXFileReference; lastKnownFileType = sourcecode.swift; path = MyWebview.swift; sourceTree = "<group>"; };
/* End PBXFileReference section */

/* Begin PBXFrameworksBuildPhase section */
		54C4258B26C97FE400188DCE /* Frameworks */ = {
			isa = PBXFrameworksBuildPhase;
			buildActionMask = 2147483647;
			files = (
			);
			runOnlyForDeploymentPostprocessing = 0;
		};
		54C425A126C97FE600188DCE /* Frameworks */ = {
			isa = PBXFrameworksBuildPhase;
			buildActionMask = 2147483647;
			files = (
			);
			runOnlyForDeploymentPostprocessing = 0;
		};
		54C425AC26C97FE600188DCE /* Frameworks */ = {
			isa = PBXFrameworksBuildPhase;
			buildActionMask = 2147483647;
			files = (
			);
			runOnlyForDeploymentPostprocessing = 0;
		};
/* End PBXFrameworksBuildPhase section */

/* Begin PBXGroup section */
		54C4258526C97FE400188DCE = {
			isa = PBXGroup;
			children = (
				54C4259026C97FE400188DCE /* SwiftUI_Webview_tutorial */,
				54C425A726C97FE600188DCE /* SwiftUI_Webview_tutorialTests */,
				54C425B226C97FE600188DCE /* SwiftUI_Webview_tutorialUITests */,
				54C4258F26C97FE400188DCE /* Products */,
			);
			sourceTree = "<group>";
		};
		54C4258F26C97FE400188DCE /* Products */ = {
			isa = PBXGroup;
			children = (
				54C4258E26C97FE400188DCE /* SwiftUI_Webview_tutorial.app */,
				54C425A426C97FE600188DCE /* SwiftUI_Webview_tutorialTests.xctest */,
				54C425AF26C97FE600188DCE /* SwiftUI_Webview_tutorialUITests.xctest */,
			);
			name = Products;
			sourceTree = "<group>";
		};
		54C4259026C97FE400188DCE /* SwiftUI_Webview_tutorial */ = {
			isa = PBXGroup;
			children = (
				54C4259126C97FE400188DCE /* AppDelegate.swift */,
				54C4259326C97FE400188DCE /* SceneDelegate.swift */,
				54C4259526C97FE400188DCE /* ContentView.swift */,
				54C4259726C97FE600188DCE /* Assets.xcassets */,
				54C4259C26C97FE600188DCE /* LaunchScreen.storyboard */,
				54C4259F26C97FE600188DCE /* Info.plist */,
				54C4259926C97FE600188DCE /* Preview Content */,
				54C425C126C9802C00188DCE /* MyWebview.swift */,
			);
			path = SwiftUI_Webview_tutorial;
			sourceTree = "<group>";
		};
		54C4259926C97FE600188DCE /* Preview Content */ = {
			isa = PBXGroup;
			children = (
				54C4259A26C97FE600188DCE /* Preview Assets.xcassets */,
			);
			path = "Preview Content";
			sourceTree = "<group>";
		};
		54C425A726C97FE600188DCE /* SwiftUI_Webview_tutorialTests */ = {
			isa = PBXGroup;
			children = (
				54C425A826C97FE600188DCE /* SwiftUI_Webview_tutorialTests.swift */,
				54C425AA26C97FE600188DCE /* Info.plist */,
			);
			path = SwiftUI_Webview_tutorialTests;
			sourceTree = "<group>";
		};
		54C425B226C97FE600188DCE /* SwiftUI_Webview_tutorialUITests */ = {
			isa = PBXGroup;
			children = (
				54C425B326C97FE600188DCE /* SwiftUI_Webview_tutorialUITests.swift */,
				54C425B526C97FE600188DCE /* Info.plist */,
			);
			path = SwiftUI_Webview_tutorialUITests;
			sourceTree = "<group>";
		};
/* End PBXGroup section */

/* Begin PBXNativeTarget section */
		54C4258D26C97FE400188DCE /* SwiftUI_Webview_tutorial */ = {
			isa = PBXNativeTarget;
			buildConfigurationList = 54C425B826C97FE600188DCE /* Build configuration list for PBXNativeTarget "SwiftUI_Webview_tutorial" */;
			buildPhases = (
				54C4258A26C97FE400188DCE /* Sources */,
				54C4258B26C97FE400188DCE /* Frameworks */,
				54C4258C26C97FE400188DCE /* Resources */,
			);
			buildRules = (
			);
			dependencies = (
			);
			name = SwiftUI_Webview_tutorial;
			productName = SwiftUI_Webview_tutorial;
			productReference = 54C4258E26C97FE400188DCE /* SwiftUI_Webview_tutorial.app */;
			productType = "com.apple.product-type.application";
		};
		54C425A326C97FE600188DCE /* SwiftUI_Webview_tutorialTests */ = {
			isa = PBXNativeTarget;
			buildConfigurationList = 54C425BB26C97FE600188DCE /* Build configuration list for PBXNativeTarget "SwiftUI_Webview_tutorialTests" */;
			buildPhases = (
				54C425A026C97FE600188DCE /* Sources */,
				54C425A126C97FE600188DCE /* Frameworks */,
				54C425A226C97FE600188DCE /* Resources */,
			);
			buildRules = (
			);
			dependencies = (
				54C425A626C97FE600188DCE /* PBXTargetDependency */,
			);
			name = SwiftUI_Webview_tutorialTests;
			productName = SwiftUI_Webview_tutorialTests;
			productReference = 54C425A426C97FE600188DCE /* SwiftUI_Webview_tutorialTests.xctest */;
			productType = "com.apple.product-type.bundle.unit-test";
		};
		54C425AE26C97FE600188DCE /* SwiftUI_Webview_tutorialUITests */ = {
			isa = PBXNativeTarget;
			buildConfigurationList = 54C425BE26C97FE600188DCE /* Build configuration list for PBXNativeTarget "SwiftUI_Webview_tutorialUITests" */;
			buildPhases = (
				54C425AB26C97FE600188DCE /* Sources */,
				54C425AC26C97FE600188DCE /* Frameworks */,
				54C425AD26C97FE600188DCE /* Resources */,
			);
			buildRules = (
			);
			dependencies = (
				54C425B126C97FE600188DCE /* PBXTargetDependency */,
			);
			name = SwiftUI_Webview_tutorialUITests;
			productName = SwiftUI_Webview_tutorialUITests;
			productReference = 54C425AF26C97FE600188DCE /* SwiftUI_Webview_tutorialUITests.xctest */;
			productType = "com.apple.product-type.bundle.ui-testing";
		};
/* End PBXNativeTarget section */

/* Begin PBXProject section */
		54C4258626C97FE400188DCE /* Project object */ = {
			isa = PBXProject;
			attributes = {
				LastSwiftUpdateCheck = 1250;
				LastUpgradeCheck = 1250;
				TargetAttributes = {
					54C4258D26C97FE400188DCE = {
						CreatedOnToolsVersion = 12.5.1;
					};
					54C425A326C97FE600188DCE = {
						CreatedOnToolsVersion = 12.5.1;
						TestTargetID = 54C4258D26C97FE400188DCE;
					};
					54C425AE26C97FE600188DCE = {
						CreatedOnToolsVersion = 12.5.1;
						TestTargetID = 54C4258D26C97FE400188DCE;
					};
				};
			};
			buildConfigurationList = 54C4258926C97FE400188DCE /* Build configuration list for PBXProject "SwiftUI_Webview_tutorial" */;
			compatibilityVersion = "Xcode 9.3";
			developmentRegion = en;
			hasScannedForEncodings = 0;
			knownRegions = (
				en,
				Base,
			);
			mainGroup = 54C4258526C97FE400188DCE;
			productRefGroup = 54C4258F26C97FE400188DCE /* Products */;
			projectDirPath = "";
			projectRoot = "";
			targets = (
				54C4258D26C97FE400188DCE /* SwiftUI_Webview_tutorial */,
				54C425A326C97FE600188DCE /* SwiftUI_Webview_tutorialTests */,
				54C425AE26C97FE600188DCE /* SwiftUI_Webview_tutorialUITests */,
			);
		};
/* End PBXProject section */

/* Begin PBXResourcesBuildPhase section */
		54C4258C26C97FE400188DCE /* Resources */ = {
			isa = PBXResourcesBuildPhase;
			buildActionMask = 2147483647;
			files = (
				54C4259E26C97FE600188DCE /* LaunchScreen.storyboard in Resources */,
				54C4259B26C97FE600188DCE /* Preview Assets.xcassets in Resources */,
				54C4259826C97FE600188DCE /* Assets.xcassets in Resources */,
			);
			runOnlyForDeploymentPostprocessing = 0;
		};
		54C425A226C97FE600188DCE /* Resources */ = {
			isa = PBXResourcesBuildPhase;
			buildActionMask = 2147483647;
			files = (
			);
			runOnlyForDeploymentPostprocessing = 0;
		};
		54C425AD26C97FE600188DCE /* Resources */ = {
			isa = PBXResourcesBuildPhase;
			buildActionMask = 2147483647;
			files = (
			);
			runOnlyForDeploymentPostprocessing = 0;
		};
/* End PBXResourcesBuildPhase section */

/* Begin PBXSourcesBuildPhase section */
		54C4258A26C97FE400188DCE /* Sources */ = {
			isa = PBXSourcesBuildPhase;
			buildActionMask = 2147483647;
			files = (
				54C4259226C97FE400188DCE /* AppDelegate.swift in Sources */,
				54C425C226C9802C00188DCE /* MyWebview.swift in Sources */,
				54C4259426C97FE400188DCE /* SceneDelegate.swift in Sources */,
				54C4259626C97FE400188DCE /* ContentView.swift in Sources */,
			);
			runOnlyForDeploymentPostprocessing = 0;
		};
		54C425A026C97FE600188DCE /* Sources */ = {
			isa = PBXSourcesBuildPhase;
			buildActionMask = 2147483647;
			files = (
				54C425A926C97FE600188DCE /* SwiftUI_Webview_tutorialTests.swift in Sources */,
			);
			runOnlyForDeploymentPostprocessing = 0;
		};
		54C425AB26C97FE600188DCE /* Sources */ = {
			isa = PBXSourcesBuildPhase;
			buildActionMask = 2147483647;
			files = (
				54C425B426C97FE600188DCE /* SwiftUI_Webview_tutorialUITests.swift in Sources */,
			);
			runOnlyForDeploymentPostprocessing = 0;
		};
/* End PBXSourcesBuildPhase section */

/* Begin PBXTargetDependency section */
		54C425A626C97FE600188DCE /* PBXTargetDependency */ = {
			isa = PBXTargetDependency;
			target = 54C4258D26C97FE400188DCE /* SwiftUI_Webview_tutorial */;
			targetProxy = 54C425A526C97FE600188DCE /* PBXContainerItemProxy */;
		};
		54C425B126C97FE600188DCE /* PBXTargetDependency */ = {
			isa = PBXTargetDependency;
			target = 54C4258D26C97FE400188DCE /* SwiftUI_Webview_tutorial */;
			targetProxy = 54C425B026C97FE600188DCE /* PBXContainerItemProxy */;
		};
/* End PBXTargetDependency section */

/* Begin PBXVariantGroup section */
		54C4259C26C97FE600188DCE /* LaunchScreen.storyboard */ = {
			isa = PBXVariantGroup;
			children = (
				54C4259D26C97FE600188DCE /* Base */,
			);
			name = LaunchScreen.storyboard;
			sourceTree = "<group>";
		};
/* End PBXVariantGroup section */

/* Begin XCBuildConfiguration section */
		54C425B626C97FE600188DCE /* Debug */ = {
			isa = XCBuildConfiguration;
			buildSettings = {
				ALWAYS_SEARCH_USER_PATHS = NO;
				CLANG_ANALYZER_NONNULL = YES;
				CLANG_ANALYZER_NUMBER_OBJECT_CONVERSION = YES_AGGRESSIVE;
				CLANG_CXX_LANGUAGE_STANDARD = "gnu++14";
				CLANG_CXX_LIBRARY = "libc++";
				CLANG_ENABLE_MODULES = YES;
				CLANG_ENABLE_OBJC_ARC = YES;
				CLANG_ENABLE_OBJC_WEAK = YES;
				CLANG_WARN_BLOCK_CAPTURE_AUTORELEASING = YES;
				CLANG_WARN_BOOL_CONVERSION = YES;
				CLANG_WARN_COMMA = YES;
				CLANG_WARN_CONSTANT_CONVERSION = YES;
				CLANG_WARN_DEPRECATED_OBJC_IMPLEMENTATIONS = YES;
				CLANG_WARN_DIRECT_OBJC_ISA_USAGE = YES_ERROR;
				CLANG_WARN_DOCUMENTATION_COMMENTS = YES;
				CLANG_WARN_EMPTY_BODY = YES;
				CLANG_WARN_ENUM_CONVERSION = YES;
				CLANG_WARN_INFINITE_RECURSION = YES;
				CLANG_WARN_INT_CONVERSION = YES;
				CLANG_WARN_NON_LITERAL_NULL_CONVERSION = YES;
				CLANG_WARN_OBJC_IMPLICIT_RETAIN_SELF = YES;
				CLANG_WARN_OBJC_LITERAL_CONVERSION = YES;
				CLANG_WARN_OBJC_ROOT_CLASS = YES_ERROR;
				CLANG_WARN_QUOTED_INCLUDE_IN_FRAMEWORK_HEADER = YES;
				CLANG_WARN_RANGE_LOOP_ANALYSIS = YES;
				CLANG_WARN_STRICT_PROTOTYPES = YES;
				CLANG_WARN_SUSPICIOUS_MOVE = YES;
				CLANG_WARN_UNGUARDED_AVAILABILITY = YES_AGGRESSIVE;
				CLANG_WARN_UNREACHABLE_CODE = YES;
				CLANG_WARN__DUPLICATE_METHOD_MATCH = YES;
				COPY_PHASE_STRIP = NO;
				DEBUG_INFORMATION_FORMAT = dwarf;
				ENABLE_STRICT_OBJC_MSGSEND = YES;
				ENABLE_TESTABILITY = YES;
				GCC_C_LANGUAGE_STANDARD = gnu11;
				GCC_DYNAMIC_NO_PIC = NO;
				GCC_NO_COMMON_BLOCKS = YES;
				GCC_OPTIMIZATION_LEVEL = 0;
				GCC_PREPROCESSOR_DEFINITIONS = (
					"DEBUG=1",
					"$(inherited)",
				);
				GCC_WARN_64_TO_32_BIT_CONVERSION = YES;
				GCC_WARN_ABOUT_RETURN_TYPE = YES_ERROR;
				GCC_WARN_UNDECLARED_SELECTOR = YES;
				GCC_WARN_UNINITIALIZED_AUTOS = YES_AGGRESSIVE;
				GCC_WARN_UNUSED_FUNCTION = YES;
				GCC_WARN_UNUSED_VARIABLE = YES;
				IPHONEOS_DEPLOYMENT_TARGET = 14.5;
				MTL_ENABLE_DEBUG_INFO = INCLUDE_SOURCE;
				MTL_FAST_MATH = YES;
				ONLY_ACTIVE_ARCH = YES;
				SDKROOT = iphoneos;
				SWIFT_ACTIVE_COMPILATION_CONDITIONS = DEBUG;
				SWIFT_OPTIMIZATION_LEVEL = "-Onone";
			};
			name = Debug;
		};
		54C425B726C97FE600188DCE /* Release */ = {
			isa = XCBuildConfiguration;
			buildSettings = {
				ALWAYS_SEARCH_USER_PATHS = NO;
				CLANG_ANALYZER_NONNULL = YES;
				CLANG_ANALYZER_NUMBER_OBJECT_CONVERSION = YES_AGGRESSIVE;
				CLANG_CXX_LANGUAGE_STANDARD = "gnu++14";
				CLANG_CXX_LIBRARY = "libc++";
				CLANG_ENABLE_MODULES = YES;
				CLANG_ENABLE_OBJC_ARC = YES;
				CLANG_ENABLE_OBJC_WEAK = YES;
				CLANG_WARN_BLOCK_CAPTURE_AUTORELEASING = YES;
				CLANG_WARN_BOOL_CONVERSION = YES;
				CLANG_WARN_COMMA = YES;
				CLANG_WARN_CONSTANT_CONVERSION = YES;
				CLANG_WARN_DEPRECATED_OBJC_IMPLEMENTATIONS = YES;
				CLANG_WARN_DIRECT_OBJC_ISA_USAGE = YES_ERROR;
				CLANG_WARN_DOCUMENTATION_COMMENTS = YES;
				CLANG_WARN_EMPTY_BODY = YES;
				CLANG_WARN_ENUM_CONVERSION = YES;
				CLANG_WARN_INFINITE_RECURSION = YES;
				CLANG_WARN_INT_CONVERSION = YES;
				CLANG_WARN_NON_LITERAL_NULL_CONVERSION = YES;
				CLANG_WARN_OBJC_IMPLICIT_RETAIN_SELF = YES;
				CLANG_WARN_OBJC_LITERAL_CONVERSION = YES;
				CLANG_WARN_OBJC_ROOT_CLASS = YES_ERROR;
				CLANG_WARN_QUOTED_INCLUDE_IN_FRAMEWORK_HEADER = YES;
				CLANG_WARN_RANGE_LOOP_ANALYSIS = YES;
				CLANG_WARN_STRICT_PROTOTYPES = YES;
				CLANG_WARN_SUSPICIOUS_MOVE = YES;
				CLANG_WARN_UNGUARDED_AVAILABILITY = YES_AGGRESSIVE;
				CLANG_WARN_UNREACHABLE_CODE = YES;
				CLANG_WARN__DUPLICATE_METHOD_MATCH = YES;
				COPY_PHASE_STRIP = NO;
				DEBUG_INFORMATION_FORMAT = "dwarf-with-dsym";
				ENABLE_NS_ASSERTIONS = NO;
				ENABLE_STRICT_OBJC_MSGSEND = YES;
				GCC_C_LANGUAGE_STANDARD = gnu11;
				GCC_NO_COMMON_BLOCKS = YES;
				GCC_WARN_64_TO_32_BIT_CONVERSION = YES;
				GCC_WARN_ABOUT_RETURN_TYPE = YES_ERROR;
				GCC_WARN_UNDECLARED_SELECTOR = YES;
				GCC_WARN_UNINITIALIZED_AUTOS = YES_AGGRESSIVE;
				GCC_WARN_UNUSED_FUNCTION = YES;
				GCC_WARN_UNUSED_VARIABLE = YES;
				IPHONEOS_DEPLOYMENT_TARGET = 14.5;
				MTL_ENABLE_DEBUG_INFO = NO;
				MTL_FAST_MATH = YES;
				SDKROOT = iphoneos;
				SWIFT_COMPILATION_MODE = wholemodule;
				SWIFT_OPTIMIZATION_LEVEL = "-O";
				VALIDATE_PRODUCT = YES;
			};
			name = Release;
		};
		54C425B926C97FE600188DCE /* Debug */ = {
			isa = XCBuildConfiguration;
			buildSettings = {
				ASSETCATALOG_COMPILER_APPICON_NAME = AppIcon;
				ASSETCATALOG_COMPILER_GLOBAL_ACCENT_COLOR_NAME = AccentColor;
				CODE_SIGN_STYLE = Automatic;
				DEVELOPMENT_ASSET_PATHS = "\"SwiftUI_Webview_tutorial/Preview Content\"";
				ENABLE_PREVIEWS = YES;
				INFOPLIST_FILE = SwiftUI_Webview_tutorial/Info.plist;
				LD_RUNPATH_SEARCH_PATHS = (
					"$(inherited)",
					"@executable_path/Frameworks",
				);
				PRODUCT_BUNDLE_IDENTIFIER = "webview.SwiftUI-Webview-tutorial";
				PRODUCT_NAME = "$(TARGET_NAME)";
				SWIFT_VERSION = 5.0;
				TARGETED_DEVICE_FAMILY = "1,2";
			};
			name = Debug;
		};
		54C425BA26C97FE600188DCE /* Release */ = {
			isa = XCBuildConfiguration;
			buildSettings = {
				ASSETCATALOG_COMPILER_APPICON_NAME = AppIcon;
				ASSETCATALOG_COMPILER_GLOBAL_ACCENT_COLOR_NAME = AccentColor;
				CODE_SIGN_STYLE = Automatic;
				DEVELOPMENT_ASSET_PATHS = "\"SwiftUI_Webview_tutorial/Preview Content\"";
				ENABLE_PREVIEWS = YES;
				INFOPLIST_FILE = SwiftUI_Webview_tutorial/Info.plist;
				LD_RUNPATH_SEARCH_PATHS = (
					"$(inherited)",
					"@executable_path/Frameworks",
				);
				PRODUCT_BUNDLE_IDENTIFIER = "webview.SwiftUI-Webview-tutorial";
				PRODUCT_NAME = "$(TARGET_NAME)";
				SWIFT_VERSION = 5.0;
				TARGETED_DEVICE_FAMILY = "1,2";
			};
			name = Release;
		};
		54C425BC26C97FE600188DCE /* Debug */ = {
			isa = XCBuildConfiguration;
			buildSettings = {
				ALWAYS_EMBED_SWIFT_STANDARD_LIBRARIES = YES;
				BUNDLE_LOADER = "$(TEST_HOST)";
				CODE_SIGN_STYLE = Automatic;
				INFOPLIST_FILE = SwiftUI_Webview_tutorialTests/Info.plist;
				IPHONEOS_DEPLOYMENT_TARGET = 14.5;
				LD_RUNPATH_SEARCH_PATHS = (
					"$(inherited)",
					"@executable_path/Frameworks",
					"@loader_path/Frameworks",
				);
				PRODUCT_BUNDLE_IDENTIFIER = "webview.SwiftUI-Webview-tutorialTests";
				PRODUCT_NAME = "$(TARGET_NAME)";
				SWIFT_VERSION = 5.0;
				TARGETED_DEVICE_FAMILY = "1,2";
				TEST_HOST = "$(BUILT_PRODUCTS_DIR)/SwiftUI_Webview_tutorial.app/SwiftUI_Webview_tutorial";
			};
			name = Debug;
		};
		54C425BD26C97FE600188DCE /* Release */ = {
			isa = XCBuildConfiguration;
			buildSettings = {
				ALWAYS_EMBED_SWIFT_STANDARD_LIBRARIES = YES;
				BUNDLE_LOADER = "$(TEST_HOST)";
				CODE_SIGN_STYLE = Automatic;
				INFOPLIST_FILE = SwiftUI_Webview_tutorialTests/Info.plist;
				IPHONEOS_DEPLOYMENT_TARGET = 14.5;
				LD_RUNPATH_SEARCH_PATHS = (
					"$(inherited)",
					"@executable_path/Frameworks",
					"@loader_path/Frameworks",
				);
				PRODUCT_BUNDLE_IDENTIFIER = "webview.SwiftUI-Webview-tutorialTests";
				PRODUCT_NAME = "$(TARGET_NAME)";
				SWIFT_VERSION = 5.0;
				TARGETED_DEVICE_FAMILY = "1,2";
				TEST_HOST = "$(BUILT_PRODUCTS_DIR)/SwiftUI_Webview_tutorial.app/SwiftUI_Webview_tutorial";
			};
			name = Release;
		};
		54C425BF26C97FE600188DCE /* Debug */ = {
			isa = XCBuildConfiguration;
			buildSettings = {
				ALWAYS_EMBED_SWIFT_STANDARD_LIBRARIES = YES;
				CODE_SIGN_STYLE = Automatic;
				INFOPLIST_FILE = SwiftUI_Webview_tutorialUITests/Info.plist;
				LD_RUNPATH_SEARCH_PATHS = (
					"$(inherited)",
					"@executable_path/Frameworks",
					"@loader_path/Frameworks",
				);
				PRODUCT_BUNDLE_IDENTIFIER = "webview.SwiftUI-Webview-tutorialUITests";
				PRODUCT_NAME = "$(TARGET_NAME)";
				SWIFT_VERSION = 5.0;
				TARGETED_DEVICE_FAMILY = "1,2";
				TEST_TARGET_NAME = SwiftUI_Webview_tutorial;
			};
			name = Debug;
		};
		54C425C026C97FE600188DCE /* Release */ = {
			isa = XCBuildConfiguration;
			buildSettings = {
				ALWAYS_EMBED_SWIFT_STANDARD_LIBRARIES = YES;
				CODE_SIGN_STYLE = Automatic;
				INFOPLIST_FILE = SwiftUI_Webview_tutorialUITests/Info.plist;
				LD_RUNPATH_SEARCH_PATHS = (
					"$(inherited)",
					"@executable_path/Frameworks",
					"@loader_path/Frameworks",
				);
				PRODUCT_BUNDLE_IDENTIFIER = "webview.SwiftUI-Webview-tutorialUITests";
				PRODUCT_NAME = "$(TARGET_NAME)";
				SWIFT_VERSION = 5.0;
				TARGETED_DEVICE_FAMILY = "1,2";
				TEST_TARGET_NAME = SwiftUI_Webview_tutorial;
			};
			name = Release;
		};
/* End XCBuildConfiguration section */

/* Begin XCConfigurationList section */
		54C4258926C97FE400188DCE /* Build configuration list for PBXProject "SwiftUI_Webview_tutorial" */ = {
			isa = XCConfigurationList;
			buildConfigurations = (
				54C425B626C97FE600188DCE /* Debug */,
				54C425B726C97FE600188DCE /* Release */,
			);
			defaultConfigurationIsVisible = 0;
			defaultConfigurationName = Release;
		};
		54C425B826C97FE600188DCE /* Build configuration list for PBXNativeTarget "SwiftUI_Webview_tutorial" */ = {
			isa = XCConfigurationList;
			buildConfigurations = (
				54C425B926C97FE600188DCE /* Debug */,
				54C425BA26C97FE600188DCE /* Release */,
			);
			defaultConfigurationIsVisible = 0;
			defaultConfigurationName = Release;
		};
		54C425BB26C97FE600188DCE /* Build configuration list for PBXNativeTarget "SwiftUI_Webview_tutorialTests" */ = {
			isa = XCConfigurationList;
			buildConfigurations = (
				54C425BC26C97FE600188DCE /* Debug */,
				54C425BD26C97FE600188DCE /* Release */,
			);
			defaultConfigurationIsVisible = 0;
			defaultConfigurationName = Release;
		};
		54C425BE26C97FE600188DCE /* Build configuration list for PBXNativeTarget "SwiftUI_Webview_tutorialUITests" */ = {
			isa = XCConfigurationList;
			buildConfigurations = (
				54C425BF26C97FE600188DCE /* Debug */,
				54C425C026C97FE600188DCE /* Release */,
			);
			defaultConfigurationIsVisible = 0;
			defaultConfigurationName = Release;
		};
/* End XCConfigurationList section */
	};
	rootObject = 54C4258626C97FE400188DCE /* Project object */;
}
